{
  "originHash" : "12a85022cf1a7f1ef0cb307542c62c329c55b166cfcd64129c2fca390685b1b6",
  "pins" : [
    {
      "identity" : "ioscleannetwork",
      "kind" : "remoteSourceControl",
      "location" : "https://github.com/alegelos/iOSCleanNetwork",
      "state" : {
        "revision" : "85481510c4d4ff96dfffa9591f83bf01daacd3f5",
        "version" : "1.0.3"
      }
    }
  ],
  "version" : 3
}
