{
  "originHash" : "9e256cee105b35f047d9aa5ccac2daada45fa350e5ffc12a7902b4029c093998",
  "pins" : [
    {
      "identity" : "ioscleannetwork",
      "kind" : "remoteSourceControl",
      "location" : "https://github.com/alegelos/iOSCleanNetwork",
      "state" : {
        "revision" : "d8d27c1639276d88300d9660a01ff378ff650dc5",
        "version" : "1.0.2"
      }
    }
  ],
  "version" : 3
}
