{
  "originHash" : "9e256cee105b35f047d9aa5ccac2daada45fa350e5ffc12a7902b4029c093998",
  "pins" : [
    {
      "identity" : "ioscleannetwork",
      "kind" : "remoteSourceControl",
      "location" : "https://github.com/alegelos/iOSCleanNetwork",
      "state" : {
        "revision" : "85481510c4d4ff96dfffa9591f83bf01daacd3f5",
        "version" : "1.0.3"
      }
    }
  ],
  "version" : 3
}
